# This file was autogenerated by Stack.
# You should not edit this file by hand.
# For more information, please see the documentation at:
#   https://docs.haskellstack.org/en/stable/lock_files

packages:
- completed:
    hackage: parsec-3.1.11@sha256:391efabac8959086e5f7c7b08e7bca0a92f99899653276211690d3fe8494385f,2610
    pantry-tree:
      size: 2343
      sha256: 211f52ad447c9edbf519f93637d53803ae4b52e2c282dabac721d65b0b25e45b
  original:
    hackage: parsec-3.1.11
- completed:
    hackage: haskeline-0.7.4.0@sha256:d8222e40e737ace9a74e77fc585316a86c82b3da35bde004edce7977579d0942,4850
    pantry-tree:
      size: 2855
      sha256: 11f687b5d73cc1f4d56917053c338d76a2e67c18e68a9648f1e6970ef2ebf356
  original:
    hackage: haskeline-0.7.4.0
snapshots:
- completed:
    size: 535469
    url: https://raw.githubusercontent.com/commercialhaskell/stackage-snapshots/master/lts/9/6.yaml
    sha256: cc57b1bc5337dd8405c5f12a93cd8590f2ca8a9006d24e8a63dc6be7abdd7b6f
  original: lts-9.6
